
Microsoft Visual Studio Solution File, Format Version 12.00
# Visual Studio 2013
VisualStudioVersion = 12.0.30723.0
MinimumVisualStudioVersion = 10.0.40219.1
Project("{FAE04EC0-301F-11D3-BF4B-00C04F79EFBC}") = "LA.SharePoint.ProviderHostedApp01", "LA.SharePoint.ProviderHostedApp01\LA.SharePoint.ProviderHostedApp01.csproj", "{9C2249C6-8D10-44C4-8686-F6725DEBDF32}"
EndProject
Global
	GlobalSection(SolutionConfigurationPlatforms) = preSolution
		Debug|Any CPU = Debug|Any CPU
		Release|Any CPU = Release|Any CPU
	EndGlobalSection
	GlobalSection(ProjectConfigurationPlatforms) = postSolution
		{9C2249C6-8D10-44C4-8686-F6725DEBDF32}.Debug|Any CPU.ActiveCfg = Debug|Any CPU
		{9C2249C6-8D10-44C4-8686-F6725DEBDF32}.Debug|Any CPU.Build.0 = Debug|Any CPU
		{9C2249C6-8D10-44C4-8686-F6725DEBDF32}.Debug|Any CPU.Deploy.0 = Debug|Any CPU
		{9C2249C6-8D10-44C4-8686-F6725DEBDF32}.Release|Any CPU.ActiveCfg = Release|Any CPU
		{9C2249C6-8D10-44C4-8686-F6725DEBDF32}.Release|Any CPU.Build.0 = Release|Any CPU
		{9C2249C6-8D10-44C4-8686-F6725DEBDF32}.Release|Any CPU.Deploy.0 = Release|Any CPU
	EndGlobalSection
	GlobalSection(SolutionProperties) = preSolution
		HideSolutionNode = FALSE
	EndGlobalSection
EndGlobal
